
Microsoft Visual Studio Solution File, Format Version 12.00
# Visual Studio 14
VisualStudioVersion = 14.0.23107.0
MinimumVisualStudioVersion = 10.0.40219.1
Project("{FAE04EC0-301F-11D3-BF4B-00C04F79EFBC}") = "nucs.Filesystem.Zip", "nucs.Filesystem.Zip\nucs.Filesystem.Zip.csproj", "{75CD7E92-FAB4-44E8-BD70-A5A46F51C740}"
EndProject
Project("{FAE04EC0-301F-11D3-BF4B-00C04F79EFBC}") = "nucs.WinForms", "nucs.WinForms\nucs.WinForms.csproj", "{6ED71236-F99F-44D7-A009-28613DFAD6F7}"
EndProject
Project("{FAE04EC0-301F-11D3-BF4B-00C04F79EFBC}") = "nucs.Startup", "nucs.Startup\nucs.Startup.csproj", "{77397641-60EE-4092-93FD-771651C80406}"
EndProject
Project("{FAE04EC0-301F-11D3-BF4B-00C04F79EFBC}") = "nucs.Html", "nucs.Html\nucs.Html.csproj", "{3EE41257-B9E3-4627-8550-B15A79756033}"
EndProject
Project("{FAE04EC0-301F-11D3-BF4B-00C04F79EFBC}") = "nucs.Settings", "nucs.Settings\nucs.Settings.csproj", "{CCFA4C21-2D5B-4E7B-B704-C866585FFA1B}"
EndProject
Project("{FAE04EC0-301F-11D3-BF4B-00C04F79EFBC}") = "nucs.Keyboard", "nucs.Keyboard\nucs.Keyboard.csproj", "{2949FD13-CB9A-4974-8466-F9D5DFA422FF}"
EndProject
Project("{FAE04EC0-301F-11D3-BF4B-00C04F79EFBC}") = "nucs.Cryptography", "nucs.Cryptography\nucs.Cryptography.csproj", "{4822EF60-52A9-405E-ACA9-A0ACA81C83AE}"
EndProject
Project("{FAE04EC0-301F-11D3-BF4B-00C04F79EFBC}") = "nucs", "nucs\nucs.csproj", "{AC624321-8EB6-4D1F-ACF0-C6F7CF5247A0}"
EndProject
Project("{FAE04EC0-301F-11D3-BF4B-00C04F79EFBC}") = "nucs.Serialization", "nucs.Serialization\nucs.Serialization.csproj", "{A3A7CEE1-0674-4BF7-A5AE-DF6111DF4397}"
EndProject
Project("{FAE04EC0-301F-11D3-BF4B-00C04F79EFBC}") = "nucs.Filesystem", "nucs.Filesystem\nucs.Filesystem.csproj", "{E97C0D95-437A-4D4B-9D21-815D2350A94B}"
EndProject
Project("{FAE04EC0-301F-11D3-BF4B-00C04F79EFBC}") = "nucs.Filesystem.Resources", "nucs.Filesystem.Resources\nucs.Filesystem.Resources.csproj", "{68872ADA-5959-4FC6-9395-3723D10E436E}"
EndProject
Project("{FAE04EC0-301F-11D3-BF4B-00C04F79EFBC}") = "nucs.Smtp", "nucs.Smtp\nucs.Smtp.csproj", "{CDB64A1F-A717-4E57-85D0-B3F0685D67E8}"
EndProject
Project("{FAE04EC0-301F-11D3-BF4B-00C04F79EFBC}") = "nucs.Monitoring", "nucs.Monitor\nucs.Monitoring.csproj", "{F5B65E01-DC0C-4787-99C2-C615966E236F}"
EndProject
Project("{FAE04EC0-301F-11D3-BF4B-00C04F79EFBC}") = "nucs.Tests", "nucs.Tests\nucs.Tests.csproj", "{478532D4-8065-426A-A63F-86ADCDEA1D36}"
EndProject
Project("{FAE04EC0-301F-11D3-BF4B-00C04F79EFBC}") = "nucs.SConsole", "nucs.Console\nucs.SConsole.csproj", "{47DBC538-69BA-46F6-9F11-F8D619A221E6}"
EndProject
Project("{FAE04EC0-301F-11D3-BF4B-00C04F79EFBC}") = "nucs.Network", "nucs.Network\nucs.Network.csproj", "{E8F0591D-C94B-4E84-A35F-011E84768B61}"
EndProject
Project("{FAE04EC0-301F-11D3-BF4B-00C04F79EFBC}") = "nucs.Network.Discovery", "nucs.Network.Discovery\nucs.Network.Discovery.csproj", "{611505CF-B8C9-404C-80DB-BE803E40C094}"
EndProject
Project("{FAE04EC0-301F-11D3-BF4B-00C04F79EFBC}") = "nucs.Network.RPC", "nucs.Network.RPC\nucs.Network.RPC.csproj", "{BE326F98-C864-4AEC-9D9A-CEE843E53237}"
EndProject
Global
	GlobalSection(SolutionConfigurationPlatforms) = preSolution
		AV_SAFE RELEASE|Any CPU = AV_SAFE RELEASE|Any CPU
		AV_SAFE RELEASE|x64 = AV_SAFE RELEASE|x64
		AV_SAFE RELEASE|x86 = AV_SAFE RELEASE|x86
		Debug|Any CPU = Debug|Any CPU
		Debug|x64 = Debug|x64
		Debug|x86 = Debug|x86
		Release|Any CPU = Release|Any CPU
		Release|x64 = Release|x64
		Release|x86 = Release|x86
	EndGlobalSection
	GlobalSection(ProjectConfigurationPlatforms) = postSolution
		{75CD7E92-FAB4-44E8-BD70-A5A46F51C740}.AV_SAFE RELEASE|Any CPU.ActiveCfg = Release|Any CPU
		{75CD7E92-FAB4-44E8-BD70-A5A46F51C740}.AV_SAFE RELEASE|Any CPU.Build.0 = Release|Any CPU
		{75CD7E92-FAB4-44E8-BD70-A5A46F51C740}.AV_SAFE RELEASE|x64.ActiveCfg = Release|Any CPU
		{75CD7E92-FAB4-44E8-BD70-A5A46F51C740}.AV_SAFE RELEASE|x64.Build.0 = Release|Any CPU
		{75CD7E92-FAB4-44E8-BD70-A5A46F51C740}.AV_SAFE RELEASE|x86.ActiveCfg = Release|Any CPU
		{75CD7E92-FAB4-44E8-BD70-A5A46F51C740}.AV_SAFE RELEASE|x86.Build.0 = Release|Any CPU
		{75CD7E92-FAB4-44E8-BD70-A5A46F51C740}.Debug|Any CPU.ActiveCfg = Debug|Any CPU
		{75CD7E92-FAB4-44E8-BD70-A5A46F51C740}.Debug|Any CPU.Build.0 = Debug|Any CPU
		{75CD7E92-FAB4-44E8-BD70-A5A46F51C740}.Debug|x64.ActiveCfg = Debug|Any CPU
		{75CD7E92-FAB4-44E8-BD70-A5A46F51C740}.Debug|x64.Build.0 = Debug|Any CPU
		{75CD7E92-FAB4-44E8-BD70-A5A46F51C740}.Debug|x86.ActiveCfg = Debug|Any CPU
		{75CD7E92-FAB4-44E8-BD70-A5A46F51C740}.Debug|x86.Build.0 = Debug|Any CPU
		{75CD7E92-FAB4-44E8-BD70-A5A46F51C740}.Release|Any CPU.ActiveCfg = Release|Any CPU
		{75CD7E92-FAB4-44E8-BD70-A5A46F51C740}.Release|Any CPU.Build.0 = Release|Any CPU
		{75CD7E92-FAB4-44E8-BD70-A5A46F51C740}.Release|x64.ActiveCfg = Release|Any CPU
		{75CD7E92-FAB4-44E8-BD70-A5A46F51C740}.Release|x64.Build.0 = Release|Any CPU
		{75CD7E92-FAB4-44E8-BD70-A5A46F51C740}.Release|x86.ActiveCfg = Release|Any CPU
		{75CD7E92-FAB4-44E8-BD70-A5A46F51C740}.Release|x86.Build.0 = Release|Any CPU
		{6ED71236-F99F-44D7-A009-28613DFAD6F7}.AV_SAFE RELEASE|Any CPU.ActiveCfg = Release|Any CPU
		{6ED71236-F99F-44D7-A009-28613DFAD6F7}.AV_SAFE RELEASE|Any CPU.Build.0 = Release|Any CPU
		{6ED71236-F99F-44D7-A009-28613DFAD6F7}.AV_SAFE RELEASE|x64.ActiveCfg = Release|Any CPU
		{6ED71236-F99F-44D7-A009-28613DFAD6F7}.AV_SAFE RELEASE|x64.Build.0 = Release|Any CPU
		{6ED71236-F99F-44D7-A009-28613DFAD6F7}.AV_SAFE RELEASE|x86.ActiveCfg = Release|Any CPU
		{6ED71236-F99F-44D7-A009-28613DFAD6F7}.AV_SAFE RELEASE|x86.Build.0 = Release|Any CPU
		{6ED71236-F99F-44D7-A009-28613DFAD6F7}.Debug|Any CPU.ActiveCfg = Debug|Any CPU
		{6ED71236-F99F-44D7-A009-28613DFAD6F7}.Debug|Any CPU.Build.0 = Debug|Any CPU
		{6ED71236-F99F-44D7-A009-28613DFAD6F7}.Debug|x64.ActiveCfg = Debug|Any CPU
		{6ED71236-F99F-44D7-A009-28613DFAD6F7}.Debug|x64.Build.0 = Debug|Any CPU
		{6ED71236-F99F-44D7-A009-28613DFAD6F7}.Debug|x86.ActiveCfg = Debug|Any CPU
		{6ED71236-F99F-44D7-A009-28613DFAD6F7}.Debug|x86.Build.0 = Debug|Any CPU
		{6ED71236-F99F-44D7-A009-28613DFAD6F7}.Release|Any CPU.ActiveCfg = Release|Any CPU
		{6ED71236-F99F-44D7-A009-28613DFAD6F7}.Release|Any CPU.Build.0 = Release|Any CPU
		{6ED71236-F99F-44D7-A009-28613DFAD6F7}.Release|x64.ActiveCfg = Release|Any CPU
		{6ED71236-F99F-44D7-A009-28613DFAD6F7}.Release|x64.Build.0 = Release|Any CPU
		{6ED71236-F99F-44D7-A009-28613DFAD6F7}.Release|x86.ActiveCfg = Release|Any CPU
		{6ED71236-F99F-44D7-A009-28613DFAD6F7}.Release|x86.Build.0 = Release|Any CPU
		{77397641-60EE-4092-93FD-771651C80406}.AV_SAFE RELEASE|Any CPU.ActiveCfg = Release|Any CPU
		{77397641-60EE-4092-93FD-771651C80406}.AV_SAFE RELEASE|Any CPU.Build.0 = Release|Any CPU
		{77397641-60EE-4092-93FD-771651C80406}.AV_SAFE RELEASE|x64.ActiveCfg = Release|Any CPU
		{77397641-60EE-4092-93FD-771651C80406}.AV_SAFE RELEASE|x64.Build.0 = Release|Any CPU
		{77397641-60EE-4092-93FD-771651C80406}.AV_SAFE RELEASE|x86.ActiveCfg = Release|Any CPU
		{77397641-60EE-4092-93FD-771651C80406}.AV_SAFE RELEASE|x86.Build.0 = Release|Any CPU
		{77397641-60EE-4092-93FD-771651C80406}.Debug|Any CPU.ActiveCfg = Debug|Any CPU
		{77397641-60EE-4092-93FD-771651C80406}.Debug|Any CPU.Build.0 = Debug|Any CPU
		{77397641-60EE-4092-93FD-771651C80406}.Debug|x64.ActiveCfg = Debug|Any CPU
		{77397641-60EE-4092-93FD-771651C80406}.Debug|x64.Build.0 = Debug|Any CPU
		{77397641-60EE-4092-93FD-771651C80406}.Debug|x86.ActiveCfg = Debug|Any CPU
		{77397641-60EE-4092-93FD-771651C80406}.Debug|x86.Build.0 = Debug|Any CPU
		{77397641-60EE-4092-93FD-771651C80406}.Release|Any CPU.ActiveCfg = Release|Any CPU
		{77397641-60EE-4092-93FD-771651C80406}.Release|Any CPU.Build.0 = Release|Any CPU
		{77397641-60EE-4092-93FD-771651C80406}.Release|x64.ActiveCfg = Release|Any CPU
		{77397641-60EE-4092-93FD-771651C80406}.Release|x64.Build.0 = Release|Any CPU
		{77397641-60EE-4092-93FD-771651C80406}.Release|x86.ActiveCfg = Release|Any CPU
		{77397641-60EE-4092-93FD-771651C80406}.Release|x86.Build.0 = Release|Any CPU
		{3EE41257-B9E3-4627-8550-B15A79756033}.AV_SAFE RELEASE|Any CPU.ActiveCfg = Release|Any CPU
		{3EE41257-B9E3-4627-8550-B15A79756033}.AV_SAFE RELEASE|Any CPU.Build.0 = Release|Any CPU
		{3EE41257-B9E3-4627-8550-B15A79756033}.AV_SAFE RELEASE|x64.ActiveCfg = Release|Any CPU
		{3EE41257-B9E3-4627-8550-B15A79756033}.AV_SAFE RELEASE|x64.Build.0 = Release|Any CPU
		{3EE41257-B9E3-4627-8550-B15A79756033}.AV_SAFE RELEASE|x86.ActiveCfg = Release|Any CPU
		{3EE41257-B9E3-4627-8550-B15A79756033}.AV_SAFE RELEASE|x86.Build.0 = Release|Any CPU
		{3EE41257-B9E3-4627-8550-B15A79756033}.Debug|Any CPU.ActiveCfg = Debug|Any CPU
		{3EE41257-B9E3-4627-8550-B15A79756033}.Debug|Any CPU.Build.0 = Debug|Any CPU
		{3EE41257-B9E3-4627-8550-B15A79756033}.Debug|x64.ActiveCfg = Debug|Any CPU
		{3EE41257-B9E3-4627-8550-B15A79756033}.Debug|x64.Build.0 = Debug|Any CPU
		{3EE41257-B9E3-4627-8550-B15A79756033}.Debug|x86.ActiveCfg = Debug|Any CPU
		{3EE41257-B9E3-4627-8550-B15A79756033}.Debug|x86.Build.0 = Debug|Any CPU
		{3EE41257-B9E3-4627-8550-B15A79756033}.Release|Any CPU.ActiveCfg = Release|Any CPU
		{3EE41257-B9E3-4627-8550-B15A79756033}.Release|Any CPU.Build.0 = Release|Any CPU
		{3EE41257-B9E3-4627-8550-B15A79756033}.Release|x64.ActiveCfg = Release|Any CPU
		{3EE41257-B9E3-4627-8550-B15A79756033}.Release|x64.Build.0 = Release|Any CPU
		{3EE41257-B9E3-4627-8550-B15A79756033}.Release|x86.ActiveCfg = Release|Any CPU
		{3EE41257-B9E3-4627-8550-B15A79756033}.Release|x86.Build.0 = Release|Any CPU
		{CCFA4C21-2D5B-4E7B-B704-C866585FFA1B}.AV_SAFE RELEASE|Any CPU.ActiveCfg = Release|Any CPU
		{CCFA4C21-2D5B-4E7B-B704-C866585FFA1B}.AV_SAFE RELEASE|Any CPU.Build.0 = Release|Any CPU
		{CCFA4C21-2D5B-4E7B-B704-C866585FFA1B}.AV_SAFE RELEASE|x64.ActiveCfg = Release|Any CPU
		{CCFA4C21-2D5B-4E7B-B704-C866585FFA1B}.AV_SAFE RELEASE|x64.Build.0 = Release|Any CPU
		{CCFA4C21-2D5B-4E7B-B704-C866585FFA1B}.AV_SAFE RELEASE|x86.ActiveCfg = Release|Any CPU
		{CCFA4C21-2D5B-4E7B-B704-C866585FFA1B}.AV_SAFE RELEASE|x86.Build.0 = Release|Any CPU
		{CCFA4C21-2D5B-4E7B-B704-C866585FFA1B}.Debug|Any CPU.ActiveCfg = Debug|Any CPU
		{CCFA4C21-2D5B-4E7B-B704-C866585FFA1B}.Debug|Any CPU.Build.0 = Debug|Any CPU
		{CCFA4C21-2D5B-4E7B-B704-C866585FFA1B}.Debug|x64.ActiveCfg = Debug|Any CPU
		{CCFA4C21-2D5B-4E7B-B704-C866585FFA1B}.Debug|x64.Build.0 = Debug|Any CPU
		{CCFA4C21-2D5B-4E7B-B704-C866585FFA1B}.Debug|x86.ActiveCfg = Debug|Any CPU
		{CCFA4C21-2D5B-4E7B-B704-C866585FFA1B}.Debug|x86.Build.0 = Debug|Any CPU
		{CCFA4C21-2D5B-4E7B-B704-C866585FFA1B}.Release|Any CPU.ActiveCfg = Release|Any CPU
		{CCFA4C21-2D5B-4E7B-B704-C866585FFA1B}.Release|Any CPU.Build.0 = Release|Any CPU
		{CCFA4C21-2D5B-4E7B-B704-C866585FFA1B}.Release|x64.ActiveCfg = Release|Any CPU
		{CCFA4C21-2D5B-4E7B-B704-C866585FFA1B}.Release|x64.Build.0 = Release|Any CPU
		{CCFA4C21-2D5B-4E7B-B704-C866585FFA1B}.Release|x86.ActiveCfg = Release|Any CPU
		{CCFA4C21-2D5B-4E7B-B704-C866585FFA1B}.Release|x86.Build.0 = Release|Any CPU
		{2949FD13-CB9A-4974-8466-F9D5DFA422FF}.AV_SAFE RELEASE|Any CPU.ActiveCfg = Release|Any CPU
		{2949FD13-CB9A-4974-8466-F9D5DFA422FF}.AV_SAFE RELEASE|Any CPU.Build.0 = Release|Any CPU
		{2949FD13-CB9A-4974-8466-F9D5DFA422FF}.AV_SAFE RELEASE|x64.ActiveCfg = Release|Any CPU
		{2949FD13-CB9A-4974-8466-F9D5DFA422FF}.AV_SAFE RELEASE|x64.Build.0 = Release|Any CPU
		{2949FD13-CB9A-4974-8466-F9D5DFA422FF}.AV_SAFE RELEASE|x86.ActiveCfg = Release|Any CPU
		{2949FD13-CB9A-4974-8466-F9D5DFA422FF}.AV_SAFE RELEASE|x86.Build.0 = Release|Any CPU
		{2949FD13-CB9A-4974-8466-F9D5DFA422FF}.Debug|Any CPU.ActiveCfg = Debug|Any CPU
		{2949FD13-CB9A-4974-8466-F9D5DFA422FF}.Debug|Any CPU.Build.0 = Debug|Any CPU
		{2949FD13-CB9A-4974-8466-F9D5DFA422FF}.Debug|x64.ActiveCfg = Debug|Any CPU
		{2949FD13-CB9A-4974-8466-F9D5DFA422FF}.Debug|x64.Build.0 = Debug|Any CPU
		{2949FD13-CB9A-4974-8466-F9D5DFA422FF}.Debug|x86.ActiveCfg = Debug|Any CPU
		{2949FD13-CB9A-4974-8466-F9D5DFA422FF}.Debug|x86.Build.0 = Debug|Any CPU
		{2949FD13-CB9A-4974-8466-F9D5DFA422FF}.Release|Any CPU.ActiveCfg = Release|Any CPU
		{2949FD13-CB9A-4974-8466-F9D5DFA422FF}.Release|Any CPU.Build.0 = Release|Any CPU
		{2949FD13-CB9A-4974-8466-F9D5DFA422FF}.Release|x64.ActiveCfg = Release|Any CPU
		{2949FD13-CB9A-4974-8466-F9D5DFA422FF}.Release|x64.Build.0 = Release|Any CPU
		{2949FD13-CB9A-4974-8466-F9D5DFA422FF}.Release|x86.ActiveCfg = Release|Any CPU
		{2949FD13-CB9A-4974-8466-F9D5DFA422FF}.Release|x86.Build.0 = Release|Any CPU
		{4822EF60-52A9-405E-ACA9-A0ACA81C83AE}.AV_SAFE RELEASE|Any CPU.ActiveCfg = Release|Any CPU
		{4822EF60-52A9-405E-ACA9-A0ACA81C83AE}.AV_SAFE RELEASE|Any CPU.Build.0 = Release|Any CPU
		{4822EF60-52A9-405E-ACA9-A0ACA81C83AE}.AV_SAFE RELEASE|x64.ActiveCfg = Release|Any CPU
		{4822EF60-52A9-405E-ACA9-A0ACA81C83AE}.AV_SAFE RELEASE|x64.Build.0 = Release|Any CPU
		{4822EF60-52A9-405E-ACA9-A0ACA81C83AE}.AV_SAFE RELEASE|x86.ActiveCfg = Release|Any CPU
		{4822EF60-52A9-405E-ACA9-A0ACA81C83AE}.AV_SAFE RELEASE|x86.Build.0 = Release|Any CPU
		{4822EF60-52A9-405E-ACA9-A0ACA81C83AE}.Debug|Any CPU.ActiveCfg = Debug|Any CPU
		{4822EF60-52A9-405E-ACA9-A0ACA81C83AE}.Debug|Any CPU.Build.0 = Debug|Any CPU
		{4822EF60-52A9-405E-ACA9-A0ACA81C83AE}.Debug|x64.ActiveCfg = Debug|Any CPU
		{4822EF60-52A9-405E-ACA9-A0ACA81C83AE}.Debug|x64.Build.0 = Debug|Any CPU
		{4822EF60-52A9-405E-ACA9-A0ACA81C83AE}.Debug|x86.ActiveCfg = Debug|Any CPU
		{4822EF60-52A9-405E-ACA9-A0ACA81C83AE}.Debug|x86.Build.0 = Debug|Any CPU
		{4822EF60-52A9-405E-ACA9-A0ACA81C83AE}.Release|Any CPU.ActiveCfg = Release|Any CPU
		{4822EF60-52A9-405E-ACA9-A0ACA81C83AE}.Release|Any CPU.Build.0 = Release|Any CPU
		{4822EF60-52A9-405E-ACA9-A0ACA81C83AE}.Release|x64.ActiveCfg = Release|Any CPU
		{4822EF60-52A9-405E-ACA9-A0ACA81C83AE}.Release|x64.Build.0 = Release|Any CPU
		{4822EF60-52A9-405E-ACA9-A0ACA81C83AE}.Release|x86.ActiveCfg = Release|Any CPU
		{4822EF60-52A9-405E-ACA9-A0ACA81C83AE}.Release|x86.Build.0 = Release|Any CPU
		{AC624321-8EB6-4D1F-ACF0-C6F7CF5247A0}.AV_SAFE RELEASE|Any CPU.ActiveCfg = AV_SAFE RELEASE|Any CPU
		{AC624321-8EB6-4D1F-ACF0-C6F7CF5247A0}.AV_SAFE RELEASE|Any CPU.Build.0 = AV_SAFE RELEASE|Any CPU
		{AC624321-8EB6-4D1F-ACF0-C6F7CF5247A0}.AV_SAFE RELEASE|x64.ActiveCfg = AV_SAFE RELEASE|Any CPU
		{AC624321-8EB6-4D1F-ACF0-C6F7CF5247A0}.AV_SAFE RELEASE|x64.Build.0 = AV_SAFE RELEASE|Any CPU
		{AC624321-8EB6-4D1F-ACF0-C6F7CF5247A0}.AV_SAFE RELEASE|x86.ActiveCfg = AV_SAFE RELEASE|Any CPU
		{AC624321-8EB6-4D1F-ACF0-C6F7CF5247A0}.AV_SAFE RELEASE|x86.Build.0 = AV_SAFE RELEASE|Any CPU
		{AC624321-8EB6-4D1F-ACF0-C6F7CF5247A0}.Debug|Any CPU.ActiveCfg = Debug|Any CPU
		{AC624321-8EB6-4D1F-ACF0-C6F7CF5247A0}.Debug|Any CPU.Build.0 = Debug|Any CPU
		{AC624321-8EB6-4D1F-ACF0-C6F7CF5247A0}.Debug|x64.ActiveCfg = Debug|Any CPU
		{AC624321-8EB6-4D1F-ACF0-C6F7CF5247A0}.Debug|x64.Build.0 = Debug|Any CPU
		{AC624321-8EB6-4D1F-ACF0-C6F7CF5247A0}.Debug|x86.ActiveCfg = Debug|Any CPU
		{AC624321-8EB6-4D1F-ACF0-C6F7CF5247A0}.Debug|x86.Build.0 = Debug|Any CPU
		{AC624321-8EB6-4D1F-ACF0-C6F7CF5247A0}.Release|Any CPU.ActiveCfg = Release|Any CPU
		{AC624321-8EB6-4D1F-ACF0-C6F7CF5247A0}.Release|Any CPU.Build.0 = Release|Any CPU
		{AC624321-8EB6-4D1F-ACF0-C6F7CF5247A0}.Release|x64.ActiveCfg = Release|Any CPU
		{AC624321-8EB6-4D1F-ACF0-C6F7CF5247A0}.Release|x64.Build.0 = Release|Any CPU
		{AC624321-8EB6-4D1F-ACF0-C6F7CF5247A0}.Release|x86.ActiveCfg = Release|Any CPU
		{AC624321-8EB6-4D1F-ACF0-C6F7CF5247A0}.Release|x86.Build.0 = Release|Any CPU
		{A3A7CEE1-0674-4BF7-A5AE-DF6111DF4397}.AV_SAFE RELEASE|Any CPU.ActiveCfg = Release|Any CPU
		{A3A7CEE1-0674-4BF7-A5AE-DF6111DF4397}.AV_SAFE RELEASE|Any CPU.Build.0 = Release|Any CPU
		{A3A7CEE1-0674-4BF7-A5AE-DF6111DF4397}.AV_SAFE RELEASE|x64.ActiveCfg = Release|Any CPU
		{A3A7CEE1-0674-4BF7-A5AE-DF6111DF4397}.AV_SAFE RELEASE|x64.Build.0 = Release|Any CPU
		{A3A7CEE1-0674-4BF7-A5AE-DF6111DF4397}.AV_SAFE RELEASE|x86.ActiveCfg = Release|Any CPU
		{A3A7CEE1-0674-4BF7-A5AE-DF6111DF4397}.AV_SAFE RELEASE|x86.Build.0 = Release|Any CPU
		{A3A7CEE1-0674-4BF7-A5AE-DF6111DF4397}.Debug|Any CPU.ActiveCfg = Debug|Any CPU
		{A3A7CEE1-0674-4BF7-A5AE-DF6111DF4397}.Debug|Any CPU.Build.0 = Debug|Any CPU
		{A3A7CEE1-0674-4BF7-A5AE-DF6111DF4397}.Debug|x64.ActiveCfg = Debug|Any CPU
		{A3A7CEE1-0674-4BF7-A5AE-DF6111DF4397}.Debug|x64.Build.0 = Debug|Any CPU
		{A3A7CEE1-0674-4BF7-A5AE-DF6111DF4397}.Debug|x86.ActiveCfg = Debug|Any CPU
		{A3A7CEE1-0674-4BF7-A5AE-DF6111DF4397}.Debug|x86.Build.0 = Debug|Any CPU
		{A3A7CEE1-0674-4BF7-A5AE-DF6111DF4397}.Release|Any CPU.ActiveCfg = Release|Any CPU
		{A3A7CEE1-0674-4BF7-A5AE-DF6111DF4397}.Release|Any CPU.Build.0 = Release|Any CPU
		{A3A7CEE1-0674-4BF7-A5AE-DF6111DF4397}.Release|x64.ActiveCfg = Release|Any CPU
		{A3A7CEE1-0674-4BF7-A5AE-DF6111DF4397}.Release|x64.Build.0 = Release|Any CPU
		{A3A7CEE1-0674-4BF7-A5AE-DF6111DF4397}.Release|x86.ActiveCfg = Release|Any CPU
		{A3A7CEE1-0674-4BF7-A5AE-DF6111DF4397}.Release|x86.Build.0 = Release|Any CPU
		{E97C0D95-437A-4D4B-9D21-815D2350A94B}.AV_SAFE RELEASE|Any CPU.ActiveCfg = Release|Any CPU
		{E97C0D95-437A-4D4B-9D21-815D2350A94B}.AV_SAFE RELEASE|Any CPU.Build.0 = Release|Any CPU
		{E97C0D95-437A-4D4B-9D21-815D2350A94B}.AV_SAFE RELEASE|x64.ActiveCfg = Release|Any CPU
		{E97C0D95-437A-4D4B-9D21-815D2350A94B}.AV_SAFE RELEASE|x64.Build.0 = Release|Any CPU
		{E97C0D95-437A-4D4B-9D21-815D2350A94B}.AV_SAFE RELEASE|x86.ActiveCfg = Release|Any CPU
		{E97C0D95-437A-4D4B-9D21-815D2350A94B}.AV_SAFE RELEASE|x86.Build.0 = Release|Any CPU
		{E97C0D95-437A-4D4B-9D21-815D2350A94B}.Debug|Any CPU.ActiveCfg = Debug|Any CPU
		{E97C0D95-437A-4D4B-9D21-815D2350A94B}.Debug|Any CPU.Build.0 = Debug|Any CPU
		{E97C0D95-437A-4D4B-9D21-815D2350A94B}.Debug|x64.ActiveCfg = Debug|Any CPU
		{E97C0D95-437A-4D4B-9D21-815D2350A94B}.Debug|x64.Build.0 = Debug|Any CPU
		{E97C0D95-437A-4D4B-9D21-815D2350A94B}.Debug|x86.ActiveCfg = Debug|Any CPU
		{E97C0D95-437A-4D4B-9D21-815D2350A94B}.Debug|x86.Build.0 = Debug|Any CPU
		{E97C0D95-437A-4D4B-9D21-815D2350A94B}.Release|Any CPU.ActiveCfg = Release|Any CPU
		{E97C0D95-437A-4D4B-9D21-815D2350A94B}.Release|Any CPU.Build.0 = Release|Any CPU
		{E97C0D95-437A-4D4B-9D21-815D2350A94B}.Release|x64.ActiveCfg = Release|Any CPU
		{E97C0D95-437A-4D4B-9D21-815D2350A94B}.Release|x64.Build.0 = Release|Any CPU
		{E97C0D95-437A-4D4B-9D21-815D2350A94B}.Release|x86.ActiveCfg = Release|Any CPU
		{E97C0D95-437A-4D4B-9D21-815D2350A94B}.Release|x86.Build.0 = Release|Any CPU
		{68872ADA-5959-4FC6-9395-3723D10E436E}.AV_SAFE RELEASE|Any CPU.ActiveCfg = Release|Any CPU
		{68872ADA-5959-4FC6-9395-3723D10E436E}.AV_SAFE RELEASE|Any CPU.Build.0 = Release|Any CPU
		{68872ADA-5959-4FC6-9395-3723D10E436E}.AV_SAFE RELEASE|x64.ActiveCfg = Release|Any CPU
		{68872ADA-5959-4FC6-9395-3723D10E436E}.AV_SAFE RELEASE|x64.Build.0 = Release|Any CPU
		{68872ADA-5959-4FC6-9395-3723D10E436E}.AV_SAFE RELEASE|x86.ActiveCfg = Release|Any CPU
		{68872ADA-5959-4FC6-9395-3723D10E436E}.AV_SAFE RELEASE|x86.Build.0 = Release|Any CPU
		{68872ADA-5959-4FC6-9395-3723D10E436E}.Debug|Any CPU.ActiveCfg = Debug|Any CPU
		{68872ADA-5959-4FC6-9395-3723D10E436E}.Debug|Any CPU.Build.0 = Debug|Any CPU
		{68872ADA-5959-4FC6-9395-3723D10E436E}.Debug|x64.ActiveCfg = Debug|Any CPU
		{68872ADA-5959-4FC6-9395-3723D10E436E}.Debug|x64.Build.0 = Debug|Any CPU
		{68872ADA-5959-4FC6-9395-3723D10E436E}.Debug|x86.ActiveCfg = Debug|Any CPU
		{68872ADA-5959-4FC6-9395-3723D10E436E}.Debug|x86.Build.0 = Debug|Any CPU
		{68872ADA-5959-4FC6-9395-3723D10E436E}.Release|Any CPU.ActiveCfg = Release|Any CPU
		{68872ADA-5959-4FC6-9395-3723D10E436E}.Release|Any CPU.Build.0 = Release|Any CPU
		{68872ADA-5959-4FC6-9395-3723D10E436E}.Release|x64.ActiveCfg = Release|Any CPU
		{68872ADA-5959-4FC6-9395-3723D10E436E}.Release|x64.Build.0 = Release|Any CPU
		{68872ADA-5959-4FC6-9395-3723D10E436E}.Release|x86.ActiveCfg = Release|Any CPU
		{68872ADA-5959-4FC6-9395-3723D10E436E}.Release|x86.Build.0 = Release|Any CPU
		{CDB64A1F-A717-4E57-85D0-B3F0685D67E8}.AV_SAFE RELEASE|Any CPU.ActiveCfg = Release|Any CPU
		{CDB64A1F-A717-4E57-85D0-B3F0685D67E8}.AV_SAFE RELEASE|Any CPU.Build.0 = Release|Any CPU
		{CDB64A1F-A717-4E57-85D0-B3F0685D67E8}.AV_SAFE RELEASE|x64.ActiveCfg = Release|Any CPU
		{CDB64A1F-A717-4E57-85D0-B3F0685D67E8}.AV_SAFE RELEASE|x64.Build.0 = Release|Any CPU
		{CDB64A1F-A717-4E57-85D0-B3F0685D67E8}.AV_SAFE RELEASE|x86.ActiveCfg = Release|Any CPU
		{CDB64A1F-A717-4E57-85D0-B3F0685D67E8}.AV_SAFE RELEASE|x86.Build.0 = Release|Any CPU
		{CDB64A1F-A717-4E57-85D0-B3F0685D67E8}.Debug|Any CPU.ActiveCfg = Debug|Any CPU
		{CDB64A1F-A717-4E57-85D0-B3F0685D67E8}.Debug|Any CPU.Build.0 = Debug|Any CPU
		{CDB64A1F-A717-4E57-85D0-B3F0685D67E8}.Debug|x64.ActiveCfg = Debug|Any CPU
		{CDB64A1F-A717-4E57-85D0-B3F0685D67E8}.Debug|x64.Build.0 = Debug|Any CPU
		{CDB64A1F-A717-4E57-85D0-B3F0685D67E8}.Debug|x86.ActiveCfg = Debug|Any CPU
		{CDB64A1F-A717-4E57-85D0-B3F0685D67E8}.Debug|x86.Build.0 = Debug|Any CPU
		{CDB64A1F-A717-4E57-85D0-B3F0685D67E8}.Release|Any CPU.ActiveCfg = Release|Any CPU
		{CDB64A1F-A717-4E57-85D0-B3F0685D67E8}.Release|Any CPU.Build.0 = Release|Any CPU
		{CDB64A1F-A717-4E57-85D0-B3F0685D67E8}.Release|x64.ActiveCfg = Release|Any CPU
		{CDB64A1F-A717-4E57-85D0-B3F0685D67E8}.Release|x64.Build.0 = Release|Any CPU
		{CDB64A1F-A717-4E57-85D0-B3F0685D67E8}.Release|x86.ActiveCfg = Release|Any CPU
		{CDB64A1F-A717-4E57-85D0-B3F0685D67E8}.Release|x86.Build.0 = Release|Any CPU
		{F5B65E01-DC0C-4787-99C2-C615966E236F}.AV_SAFE RELEASE|Any CPU.ActiveCfg = Release|Any CPU
		{F5B65E01-DC0C-4787-99C2-C615966E236F}.AV_SAFE RELEASE|Any CPU.Build.0 = Release|Any CPU
		{F5B65E01-DC0C-4787-99C2-C615966E236F}.AV_SAFE RELEASE|x64.ActiveCfg = Release|Any CPU
		{F5B65E01-DC0C-4787-99C2-C615966E236F}.AV_SAFE RELEASE|x64.Build.0 = Release|Any CPU
		{F5B65E01-DC0C-4787-99C2-C615966E236F}.AV_SAFE RELEASE|x86.ActiveCfg = Release|Any CPU
		{F5B65E01-DC0C-4787-99C2-C615966E236F}.AV_SAFE RELEASE|x86.Build.0 = Release|Any CPU
		{F5B65E01-DC0C-4787-99C2-C615966E236F}.Debug|Any CPU.ActiveCfg = Debug|Any CPU
		{F5B65E01-DC0C-4787-99C2-C615966E236F}.Debug|Any CPU.Build.0 = Debug|Any CPU
		{F5B65E01-DC0C-4787-99C2-C615966E236F}.Debug|x64.ActiveCfg = Debug|Any CPU
		{F5B65E01-DC0C-4787-99C2-C615966E236F}.Debug|x64.Build.0 = Debug|Any CPU
		{F5B65E01-DC0C-4787-99C2-C615966E236F}.Debug|x86.ActiveCfg = Debug|Any CPU
		{F5B65E01-DC0C-4787-99C2-C615966E236F}.Debug|x86.Build.0 = Debug|Any CPU
		{F5B65E01-DC0C-4787-99C2-C615966E236F}.Release|Any CPU.ActiveCfg = Release|Any CPU
		{F5B65E01-DC0C-4787-99C2-C615966E236F}.Release|Any CPU.Build.0 = Release|Any CPU
		{F5B65E01-DC0C-4787-99C2-C615966E236F}.Release|x64.ActiveCfg = Release|Any CPU
		{F5B65E01-DC0C-4787-99C2-C615966E236F}.Release|x64.Build.0 = Release|Any CPU
		{F5B65E01-DC0C-4787-99C2-C615966E236F}.Release|x86.ActiveCfg = Release|Any CPU
		{F5B65E01-DC0C-4787-99C2-C615966E236F}.Release|x86.Build.0 = Release|Any CPU
		{478532D4-8065-426A-A63F-86ADCDEA1D36}.AV_SAFE RELEASE|Any CPU.ActiveCfg = Release|Any CPU
		{478532D4-8065-426A-A63F-86ADCDEA1D36}.AV_SAFE RELEASE|Any CPU.Build.0 = Release|Any CPU
		{478532D4-8065-426A-A63F-86ADCDEA1D36}.AV_SAFE RELEASE|x64.ActiveCfg = Release|Any CPU
		{478532D4-8065-426A-A63F-86ADCDEA1D36}.AV_SAFE RELEASE|x64.Build.0 = Release|Any CPU
		{478532D4-8065-426A-A63F-86ADCDEA1D36}.AV_SAFE RELEASE|x86.ActiveCfg = Release|Any CPU
		{478532D4-8065-426A-A63F-86ADCDEA1D36}.AV_SAFE RELEASE|x86.Build.0 = Release|Any CPU
		{478532D4-8065-426A-A63F-86ADCDEA1D36}.Debug|Any CPU.ActiveCfg = Debug|Any CPU
		{478532D4-8065-426A-A63F-86ADCDEA1D36}.Debug|Any CPU.Build.0 = Debug|Any CPU
		{478532D4-8065-426A-A63F-86ADCDEA1D36}.Debug|x64.ActiveCfg = Debug|Any CPU
		{478532D4-8065-426A-A63F-86ADCDEA1D36}.Debug|x64.Build.0 = Debug|Any CPU
		{478532D4-8065-426A-A63F-86ADCDEA1D36}.Debug|x86.ActiveCfg = Debug|Any CPU
		{478532D4-8065-426A-A63F-86ADCDEA1D36}.Debug|x86.Build.0 = Debug|Any CPU
		{478532D4-8065-426A-A63F-86ADCDEA1D36}.Release|Any CPU.ActiveCfg = Release|Any CPU
		{478532D4-8065-426A-A63F-86ADCDEA1D36}.Release|Any CPU.Build.0 = Release|Any CPU
		{478532D4-8065-426A-A63F-86ADCDEA1D36}.Release|x64.ActiveCfg = Release|Any CPU
		{478532D4-8065-426A-A63F-86ADCDEA1D36}.Release|x64.Build.0 = Release|Any CPU
		{478532D4-8065-426A-A63F-86ADCDEA1D36}.Release|x86.ActiveCfg = Release|Any CPU
		{478532D4-8065-426A-A63F-86ADCDEA1D36}.Release|x86.Build.0 = Release|Any CPU
		{47DBC538-69BA-46F6-9F11-F8D619A221E6}.AV_SAFE RELEASE|Any CPU.ActiveCfg = Release|Any CPU
		{47DBC538-69BA-46F6-9F11-F8D619A221E6}.AV_SAFE RELEASE|Any CPU.Build.0 = Release|Any CPU
		{47DBC538-69BA-46F6-9F11-F8D619A221E6}.AV_SAFE RELEASE|x64.ActiveCfg = Release|Any CPU
		{47DBC538-69BA-46F6-9F11-F8D619A221E6}.AV_SAFE RELEASE|x64.Build.0 = Release|Any CPU
		{47DBC538-69BA-46F6-9F11-F8D619A221E6}.AV_SAFE RELEASE|x86.ActiveCfg = Release|Any CPU
		{47DBC538-69BA-46F6-9F11-F8D619A221E6}.AV_SAFE RELEASE|x86.Build.0 = Release|Any CPU
		{47DBC538-69BA-46F6-9F11-F8D619A221E6}.Debug|Any CPU.ActiveCfg = Debug|Any CPU
		{47DBC538-69BA-46F6-9F11-F8D619A221E6}.Debug|Any CPU.Build.0 = Debug|Any CPU
		{47DBC538-69BA-46F6-9F11-F8D619A221E6}.Debug|x64.ActiveCfg = Debug|Any CPU
		{47DBC538-69BA-46F6-9F11-F8D619A221E6}.Debug|x64.Build.0 = Debug|Any CPU
		{47DBC538-69BA-46F6-9F11-F8D619A221E6}.Debug|x86.ActiveCfg = Debug|Any CPU
		{47DBC538-69BA-46F6-9F11-F8D619A221E6}.Debug|x86.Build.0 = Debug|Any CPU
		{47DBC538-69BA-46F6-9F11-F8D619A221E6}.Release|Any CPU.ActiveCfg = Release|Any CPU
		{47DBC538-69BA-46F6-9F11-F8D619A221E6}.Release|Any CPU.Build.0 = Release|Any CPU
		{47DBC538-69BA-46F6-9F11-F8D619A221E6}.Release|x64.ActiveCfg = Release|Any CPU
		{47DBC538-69BA-46F6-9F11-F8D619A221E6}.Release|x64.Build.0 = Release|Any CPU
		{47DBC538-69BA-46F6-9F11-F8D619A221E6}.Release|x86.ActiveCfg = Release|Any CPU
		{47DBC538-69BA-46F6-9F11-F8D619A221E6}.Release|x86.Build.0 = Release|Any CPU
		{E8F0591D-C94B-4E84-A35F-011E84768B61}.AV_SAFE RELEASE|Any CPU.ActiveCfg = Release|Any CPU
		{E8F0591D-C94B-4E84-A35F-011E84768B61}.AV_SAFE RELEASE|Any CPU.Build.0 = Release|Any CPU
		{E8F0591D-C94B-4E84-A35F-011E84768B61}.AV_SAFE RELEASE|x64.ActiveCfg = Release|Any CPU
		{E8F0591D-C94B-4E84-A35F-011E84768B61}.AV_SAFE RELEASE|x64.Build.0 = Release|Any CPU
		{E8F0591D-C94B-4E84-A35F-011E84768B61}.AV_SAFE RELEASE|x86.ActiveCfg = Release|Any CPU
		{E8F0591D-C94B-4E84-A35F-011E84768B61}.AV_SAFE RELEASE|x86.Build.0 = Release|Any CPU
		{E8F0591D-C94B-4E84-A35F-011E84768B61}.Debug|Any CPU.ActiveCfg = Debug|Any CPU
		{E8F0591D-C94B-4E84-A35F-011E84768B61}.Debug|Any CPU.Build.0 = Debug|Any CPU
		{E8F0591D-C94B-4E84-A35F-011E84768B61}.Debug|x64.ActiveCfg = Debug|Any CPU
		{E8F0591D-C94B-4E84-A35F-011E84768B61}.Debug|x64.Build.0 = Debug|Any CPU
		{E8F0591D-C94B-4E84-A35F-011E84768B61}.Debug|x86.ActiveCfg = Debug|Any CPU
		{E8F0591D-C94B-4E84-A35F-011E84768B61}.Debug|x86.Build.0 = Debug|Any CPU
		{E8F0591D-C94B-4E84-A35F-011E84768B61}.Release|Any CPU.ActiveCfg = Release|Any CPU
		{E8F0591D-C94B-4E84-A35F-011E84768B61}.Release|Any CPU.Build.0 = Release|Any CPU
		{E8F0591D-C94B-4E84-A35F-011E84768B61}.Release|x64.ActiveCfg = Release|Any CPU
		{E8F0591D-C94B-4E84-A35F-011E84768B61}.Release|x64.Build.0 = Release|Any CPU
		{E8F0591D-C94B-4E84-A35F-011E84768B61}.Release|x86.ActiveCfg = Release|Any CPU
		{E8F0591D-C94B-4E84-A35F-011E84768B61}.Release|x86.Build.0 = Release|Any CPU
		{611505CF-B8C9-404C-80DB-BE803E40C094}.AV_SAFE RELEASE|Any CPU.ActiveCfg = Release|Any CPU
		{611505CF-B8C9-404C-80DB-BE803E40C094}.AV_SAFE RELEASE|Any CPU.Build.0 = Release|Any CPU
		{611505CF-B8C9-404C-80DB-BE803E40C094}.AV_SAFE RELEASE|x64.ActiveCfg = Release|Any CPU
		{611505CF-B8C9-404C-80DB-BE803E40C094}.AV_SAFE RELEASE|x64.Build.0 = Release|Any CPU
		{611505CF-B8C9-404C-80DB-BE803E40C094}.AV_SAFE RELEASE|x86.ActiveCfg = Release|Any CPU
		{611505CF-B8C9-404C-80DB-BE803E40C094}.AV_SAFE RELEASE|x86.Build.0 = Release|Any CPU
		{611505CF-B8C9-404C-80DB-BE803E40C094}.Debug|Any CPU.ActiveCfg = Debug|Any CPU
		{611505CF-B8C9-404C-80DB-BE803E40C094}.Debug|Any CPU.Build.0 = Debug|Any CPU
		{611505CF-B8C9-404C-80DB-BE803E40C094}.Debug|x64.ActiveCfg = Debug|Any CPU
		{611505CF-B8C9-404C-80DB-BE803E40C094}.Debug|x64.Build.0 = Debug|Any CPU
		{611505CF-B8C9-404C-80DB-BE803E40C094}.Debug|x86.ActiveCfg = Debug|Any CPU
		{611505CF-B8C9-404C-80DB-BE803E40C094}.Debug|x86.Build.0 = Debug|Any CPU
		{611505CF-B8C9-404C-80DB-BE803E40C094}.Release|Any CPU.ActiveCfg = Release|Any CPU
		{611505CF-B8C9-404C-80DB-BE803E40C094}.Release|Any CPU.Build.0 = Release|Any CPU
		{611505CF-B8C9-404C-80DB-BE803E40C094}.Release|x64.ActiveCfg = Release|Any CPU
		{611505CF-B8C9-404C-80DB-BE803E40C094}.Release|x64.Build.0 = Release|Any CPU
		{611505CF-B8C9-404C-80DB-BE803E40C094}.Release|x86.ActiveCfg = Release|Any CPU
		{611505CF-B8C9-404C-80DB-BE803E40C094}.Release|x86.Build.0 = Release|Any CPU
		{BE326F98-C864-4AEC-9D9A-CEE843E53237}.AV_SAFE RELEASE|Any CPU.ActiveCfg = Release|Any CPU
		{BE326F98-C864-4AEC-9D9A-CEE843E53237}.AV_SAFE RELEASE|Any CPU.Build.0 = Release|Any CPU
		{BE326F98-C864-4AEC-9D9A-CEE843E53237}.AV_SAFE RELEASE|x64.ActiveCfg = Release|Any CPU
		{BE326F98-C864-4AEC-9D9A-CEE843E53237}.AV_SAFE RELEASE|x64.Build.0 = Release|Any CPU
		{BE326F98-C864-4AEC-9D9A-CEE843E53237}.AV_SAFE RELEASE|x86.ActiveCfg = Release|Any CPU
		{BE326F98-C864-4AEC-9D9A-CEE843E53237}.AV_SAFE RELEASE|x86.Build.0 = Release|Any CPU
		{BE326F98-C864-4AEC-9D9A-CEE843E53237}.Debug|Any CPU.ActiveCfg = Debug|Any CPU
		{BE326F98-C864-4AEC-9D9A-CEE843E53237}.Debug|Any CPU.Build.0 = Debug|Any CPU
		{BE326F98-C864-4AEC-9D9A-CEE843E53237}.Debug|x64.ActiveCfg = Debug|Any CPU
		{BE326F98-C864-4AEC-9D9A-CEE843E53237}.Debug|x64.Build.0 = Debug|Any CPU
		{BE326F98-C864-4AEC-9D9A-CEE843E53237}.Debug|x86.ActiveCfg = Debug|Any CPU
		{BE326F98-C864-4AEC-9D9A-CEE843E53237}.Debug|x86.Build.0 = Debug|Any CPU
		{BE326F98-C864-4AEC-9D9A-CEE843E53237}.Release|Any CPU.ActiveCfg = Release|Any CPU
		{BE326F98-C864-4AEC-9D9A-CEE843E53237}.Release|Any CPU.Build.0 = Release|Any CPU
		{BE326F98-C864-4AEC-9D9A-CEE843E53237}.Release|x64.ActiveCfg = Release|Any CPU
		{BE326F98-C864-4AEC-9D9A-CEE843E53237}.Release|x64.Build.0 = Release|Any CPU
		{BE326F98-C864-4AEC-9D9A-CEE843E53237}.Release|x86.ActiveCfg = Release|Any CPU
		{BE326F98-C864-4AEC-9D9A-CEE843E53237}.Release|x86.Build.0 = Release|Any CPU
	EndGlobalSection
	GlobalSection(SolutionProperties) = preSolution
		HideSolutionNode = FALSE
	EndGlobalSection
EndGlobal
