
Microsoft Visual Studio Solution File, Format Version 12.00
# Visual Studio 2012
Project("{FAE04EC0-301F-11D3-BF4B-00C04F79EFBC}") = "Z.ExtensionMethods.Examples", "Z.ExtensionMethods.Examples\Z.ExtensionMethods.Examples.csproj", "{1657CAC3-71F3-40AF-91D2-8030BDCB0DC0}"
EndProject
Project("{FAE04EC0-301F-11D3-BF4B-00C04F79EFBC}") = "Z.ExtensionMethods", "Z.ExtensionMethods\Z.ExtensionMethods.csproj", "{5FA72238-CB29-4EBD-AE52-8C9E668B85CE}"
EndProject
Project("{FAE04EC0-301F-11D3-BF4B-00C04F79EFBC}") = "Z.ExtensionMethods.WithObjectNamespace", "Z.ExtensionMethods.WithObjectNamespace\Z.ExtensionMethods.WithObjectNamespace.csproj", "{4E7BD9CF-5DFE-4A47-9CB0-C442E3EDFC5E}"
EndProject
Project("{FAE04EC0-301F-11D3-BF4B-00C04F79EFBC}") = "Z.ExtensionMethods.WithNamespace", "Z.ExtensionMethods.WithNamespace\Z.ExtensionMethods.WithNamespace.csproj", "{45E32A78-4111-4C66-A888-ABEA9B989F41}"
EndProject
Project("{FAE04EC0-301F-11D3-BF4B-00C04F79EFBC}") = "Z.ExtensionMethods.EntityFramework.WithNamespace", "Z.ExtensionMethods.EntityFramework.WithNamespace\Z.ExtensionMethods.EntityFramework.WithNamespace.csproj", "{F14054FC-EF5E-4B7A-AC15-882D64953E4A}"
EndProject
Project("{FAE04EC0-301F-11D3-BF4B-00C04F79EFBC}") = "Z.ExtensionMethods.EF6.Examples", "Z.ExtensionMethods.EF6.Examples\Z.ExtensionMethods.EF6.Examples.csproj", "{578522CD-BE39-45A9-9906-331DCB5CCF96}"
EndProject
Project("{FAE04EC0-301F-11D3-BF4B-00C04F79EFBC}") = "Z.ExtensionMethods.EntityFramework", "Z.ExtensionMethods.EntityFramework\Z.ExtensionMethods.EntityFramework.csproj", "{84695B7E-4C13-45F4-8068-88B5C177D958}"
EndProject
Global
	GlobalSection(TeamFoundationVersionControl) = preSolution
		SccNumberOfProjects = 8
		SccEnterpriseProvider = {4CA58AB2-18FA-4F8D-95D4-32DDF27D184C}
		SccTeamFoundationServer = https://tfs.codeplex.com/tfs/tfs15
		SccProjectUniqueName0 = Z.ExtensionMethods.Examples\\Z.ExtensionMethods.Examples.csproj
		SccProjectName0 = Z.ExtensionMethods.Examples
		SccLocalPath0 = Z.ExtensionMethods.Examples
		SccProjectUniqueName1 = Z.ExtensionMethods\\Z.ExtensionMethods.csproj
		SccProjectName1 = Z.ExtensionMethods
		SccLocalPath1 = Z.ExtensionMethods
		SccProjectUniqueName2 = Z.ExtensionMethods.WithObjectNamespace\\Z.ExtensionMethods.WithObjectNamespace.csproj
		SccProjectName2 = Z.ExtensionMethods.WithObjectNamespace
		SccLocalPath2 = Z.ExtensionMethods.WithObjectNamespace
		SccProjectUniqueName3 = Z.ExtensionMethods.WithNamespace\\Z.ExtensionMethods.WithNamespace.csproj
		SccProjectName3 = Z.ExtensionMethods.WithNamespace
		SccLocalPath3 = Z.ExtensionMethods.WithNamespace
		SccProjectUniqueName4 = Z.ExtensionMethods.EntityFramework.WithNamespace\\Z.ExtensionMethods.EntityFramework.WithNamespace.csproj
		SccProjectName4 = Z.ExtensionMethods.EntityFramework.WithNamespace
		SccLocalPath4 = Z.ExtensionMethods.EntityFramework.WithNamespace
		SccProjectUniqueName5 = Z.ExtensionMethods.EF6.Examples\\Z.ExtensionMethods.EF6.Examples.csproj
		SccProjectName5 = Z.ExtensionMethods.EF6.Examples
		SccLocalPath5 = Z.ExtensionMethods.EF6.Examples
		SccProjectUniqueName6 = Z.ExtensionMethods.EntityFramework\\Z.ExtensionMethods.EntityFramework.csproj
		SccProjectName6 = Z.ExtensionMethods.EntityFramework
		SccLocalPath6 = Z.ExtensionMethods.EntityFramework
		SccLocalPath7 = .
	EndGlobalSection
	GlobalSection(SolutionConfigurationPlatforms) = preSolution
		Debug|Any CPU = Debug|Any CPU
		Release|Any CPU = Release|Any CPU
	EndGlobalSection
	GlobalSection(ProjectConfigurationPlatforms) = postSolution
		{1657CAC3-71F3-40AF-91D2-8030BDCB0DC0}.Debug|Any CPU.ActiveCfg = Debug|Any CPU
		{1657CAC3-71F3-40AF-91D2-8030BDCB0DC0}.Debug|Any CPU.Build.0 = Debug|Any CPU
		{1657CAC3-71F3-40AF-91D2-8030BDCB0DC0}.Release|Any CPU.ActiveCfg = Release|Any CPU
		{1657CAC3-71F3-40AF-91D2-8030BDCB0DC0}.Release|Any CPU.Build.0 = Release|Any CPU
		{5FA72238-CB29-4EBD-AE52-8C9E668B85CE}.Debug|Any CPU.ActiveCfg = Debug|Any CPU
		{5FA72238-CB29-4EBD-AE52-8C9E668B85CE}.Debug|Any CPU.Build.0 = Debug|Any CPU
		{5FA72238-CB29-4EBD-AE52-8C9E668B85CE}.Release|Any CPU.ActiveCfg = Release|Any CPU
		{5FA72238-CB29-4EBD-AE52-8C9E668B85CE}.Release|Any CPU.Build.0 = Release|Any CPU
		{4E7BD9CF-5DFE-4A47-9CB0-C442E3EDFC5E}.Debug|Any CPU.ActiveCfg = Debug|Any CPU
		{4E7BD9CF-5DFE-4A47-9CB0-C442E3EDFC5E}.Debug|Any CPU.Build.0 = Debug|Any CPU
		{4E7BD9CF-5DFE-4A47-9CB0-C442E3EDFC5E}.Release|Any CPU.ActiveCfg = Release|Any CPU
		{4E7BD9CF-5DFE-4A47-9CB0-C442E3EDFC5E}.Release|Any CPU.Build.0 = Release|Any CPU
		{45E32A78-4111-4C66-A888-ABEA9B989F41}.Debug|Any CPU.ActiveCfg = Debug|Any CPU
		{45E32A78-4111-4C66-A888-ABEA9B989F41}.Debug|Any CPU.Build.0 = Debug|Any CPU
		{45E32A78-4111-4C66-A888-ABEA9B989F41}.Release|Any CPU.ActiveCfg = Release|Any CPU
		{45E32A78-4111-4C66-A888-ABEA9B989F41}.Release|Any CPU.Build.0 = Release|Any CPU
		{F14054FC-EF5E-4B7A-AC15-882D64953E4A}.Debug|Any CPU.ActiveCfg = Debug|Any CPU
		{F14054FC-EF5E-4B7A-AC15-882D64953E4A}.Debug|Any CPU.Build.0 = Debug|Any CPU
		{F14054FC-EF5E-4B7A-AC15-882D64953E4A}.Release|Any CPU.ActiveCfg = Release|Any CPU
		{F14054FC-EF5E-4B7A-AC15-882D64953E4A}.Release|Any CPU.Build.0 = Release|Any CPU
		{578522CD-BE39-45A9-9906-331DCB5CCF96}.Debug|Any CPU.ActiveCfg = Debug|Any CPU
		{578522CD-BE39-45A9-9906-331DCB5CCF96}.Debug|Any CPU.Build.0 = Debug|Any CPU
		{578522CD-BE39-45A9-9906-331DCB5CCF96}.Release|Any CPU.ActiveCfg = Release|Any CPU
		{578522CD-BE39-45A9-9906-331DCB5CCF96}.Release|Any CPU.Build.0 = Release|Any CPU
		{84695B7E-4C13-45F4-8068-88B5C177D958}.Debug|Any CPU.ActiveCfg = Debug|Any CPU
		{84695B7E-4C13-45F4-8068-88B5C177D958}.Debug|Any CPU.Build.0 = Debug|Any CPU
		{84695B7E-4C13-45F4-8068-88B5C177D958}.Release|Any CPU.ActiveCfg = Release|Any CPU
		{84695B7E-4C13-45F4-8068-88B5C177D958}.Release|Any CPU.Build.0 = Release|Any CPU
	EndGlobalSection
	GlobalSection(SolutionProperties) = preSolution
		HideSolutionNode = FALSE
	EndGlobalSection
EndGlobal
